Microsoft Visual Studio Solution File, Format Version 12.00
# Visual Studio Version 17
VisualStudioVersion = 17.5.2.0
MinimumVisualStudioVersion = 10.0.40219.1
Project("{FAE04EC0-301F-11D3-BF4B-00C04F79EFBC}") = "TorneioTenisMesa", "TorneioTenisMesa.csproj", "{A36C1299-A2DC-64E8-8E43-732A5EC85D4B}"
EndProject
Global
	GlobalSection(SolutionConfigurationPlatforms) = preSolution
		Debug|Any CPU = Debug|Any CPU
		Release|Any CPU = Release|Any CPU
	EndGlobalSection
	GlobalSection(ProjectConfigurationPlatforms) = postSolution
		{A36C1299-A2DC-64E8-8E43-732A5EC85D4B}.Debug|Any CPU.ActiveCfg = Debug|Any CPU
		{A36C1299-A2DC-64E8-8E43-732A5EC85D4B}.Debug|Any CPU.Build.0 = Debug|Any CPU
		{A36C1299-A2DC-64E8-8E43-732A5EC85D4B}.Release|Any CPU.ActiveCfg = Release|Any CPU
		{A36C1299-A2DC-64E8-8E43-732A5EC85D4B}.Release|Any CPU.Build.0 = Release|Any CPU
	EndGlobalSection
	GlobalSection(SolutionProperties) = preSolution
		HideSolutionNode = FALSE
	EndGlobalSection
	GlobalSection(ExtensibilityGlobals) = postSolution
		SolutionGuid = {3BD270CB-165E-43F0-9A50-384B54881ECE}
	EndGlobalSection
EndGlobal
